
Microsoft Visual Studio Solution File, Format Version 12.00
# Visual Studio 15
VisualStudioVersion = 15.0.26730.15
MinimumVisualStudioVersion = 10.0.40219.1
Project("{FAE04EC0-301F-11D3-BF4B-00C04F79EFBC}") = "XYZ_Banking", "XYZ_Banking\XYZ_Banking.csproj", "{2695D8D8-1C69-4752-B85D-6740C6C86FEF}"
EndProject
Project("{FAE04EC0-301F-11D3-BF4B-00C04F79EFBC}") = "XYZUnitTesting", "XYZUnitTesting\XYZUnitTesting.csproj", "{5F5A2380-B295-4675-B375-EC52FD3CE79C}"
EndProject
Global
	GlobalSection(SolutionConfigurationPlatforms) = preSolution
		Debug|Any CPU = Debug|Any CPU
		Release|Any CPU = Release|Any CPU
	EndGlobalSection
	GlobalSection(ProjectConfigurationPlatforms) = postSolution
		{2695D8D8-1C69-4752-B85D-6740C6C86FEF}.Debug|Any CPU.ActiveCfg = Debug|Any CPU
		{2695D8D8-1C69-4752-B85D-6740C6C86FEF}.Debug|Any CPU.Build.0 = Debug|Any CPU
		{2695D8D8-1C69-4752-B85D-6740C6C86FEF}.Release|Any CPU.ActiveCfg = Release|Any CPU
		{2695D8D8-1C69-4752-B85D-6740C6C86FEF}.Release|Any CPU.Build.0 = Release|Any CPU
		{5F5A2380-B295-4675-B375-EC52FD3CE79C}.Debug|Any CPU.ActiveCfg = Debug|Any CPU
		{5F5A2380-B295-4675-B375-EC52FD3CE79C}.Debug|Any CPU.Build.0 = Debug|Any CPU
		{5F5A2380-B295-4675-B375-EC52FD3CE79C}.Release|Any CPU.ActiveCfg = Release|Any CPU
		{5F5A2380-B295-4675-B375-EC52FD3CE79C}.Release|Any CPU.Build.0 = Release|Any CPU
	EndGlobalSection
	GlobalSection(SolutionProperties) = preSolution
		HideSolutionNode = FALSE
	EndGlobalSection
	GlobalSection(ExtensibilityGlobals) = postSolution
		SolutionGuid = {2AD05C6F-6C0B-4C90-82F5-D674E90F7EF1}
	EndGlobalSection
	GlobalSection(Performance) = preSolution
		HasPerformanceSessions = true
	EndGlobalSection
EndGlobal
